
Microsoft Visual Studio Solution File, Format Version 12.00
# Visual Studio Version 17
VisualStudioVersion = 17.3.32922.545
MinimumVisualStudioVersion = 10.0.40219.1
Project("{9A19103F-16F7-4668-BE54-9A1E7A4F7556}") = "CleaningRobotService.Api", "CleaningRobotService\CleaningRobotService.Api.csproj", "{5B4760EC-13D6-4373-8BBD-F5CD7A43C0A6}"
EndProject
Project("{9A19103F-16F7-4668-BE54-9A1E7A4F7556}") = "CleaningRobotService.Commands", "CleaningRobotService.Commands\CleaningRobotService.Commands.csproj", "{C427F215-750E-48D1-90DB-E91185FCA58D}"
EndProject
Project("{9A19103F-16F7-4668-BE54-9A1E7A4F7556}") = "CleaningRobotService.Infrastructure", "CleaningRobotService.Infrastructure\CleaningRobotService.Infrastructure.csproj", "{3B60E854-1799-4F74-BE58-A7359A29C8F5}"
EndProject
Project("{9A19103F-16F7-4668-BE54-9A1E7A4F7556}") = "CleaningRobotService.Queries", "CleaningRobotService.Queries\CleaningRobotService.Queries.csproj", "{033EA147-5F45-4042-B322-059D4DF30DE9}"
EndProject
Project("{9A19103F-16F7-4668-BE54-9A1E7A4F7556}") = "CleaningRobotService.ApiModel", "CleaningRobotService.Model\CleaningRobotService.ApiModel.csproj", "{1FC5BEA9-9072-4892-9F0E-28A8071F4914}"
EndProject
Project("{9A19103F-16F7-4668-BE54-9A1E7A4F7556}") = "CleaningRobotService.DataModel", "CleaningRobotService.DataModel\CleaningRobotService.DataModel.csproj", "{8E7EC89F-DB53-440E-9E58-DA73CD796AC4}"
EndProject
Project("{9A19103F-16F7-4668-BE54-9A1E7A4F7556}") = "CleaningRobotService.Tests", "CleaningRobotService.Tests\CleaningRobotService.Tests.csproj", "{99F27166-DCAC-46DD-A4B6-BA46F6599B43}"
EndProject
Project("{E53339B2-1760-4266-BCC7-CA923CBCF16C}") = "docker-compose", "docker-compose.dcproj", "{E0B0F8FD-2110-483D-BBDE-BED7B7F8FA17}"
EndProject
Global
	GlobalSection(SolutionConfigurationPlatforms) = preSolution
		Debug|Any CPU = Debug|Any CPU
		Release|Any CPU = Release|Any CPU
	EndGlobalSection
	GlobalSection(ProjectConfigurationPlatforms) = postSolution
		{5B4760EC-13D6-4373-8BBD-F5CD7A43C0A6}.Debug|Any CPU.ActiveCfg = Debug|Any CPU
		{5B4760EC-13D6-4373-8BBD-F5CD7A43C0A6}.Debug|Any CPU.Build.0 = Debug|Any CPU
		{5B4760EC-13D6-4373-8BBD-F5CD7A43C0A6}.Release|Any CPU.ActiveCfg = Release|Any CPU
		{5B4760EC-13D6-4373-8BBD-F5CD7A43C0A6}.Release|Any CPU.Build.0 = Release|Any CPU
		{C427F215-750E-48D1-90DB-E91185FCA58D}.Debug|Any CPU.ActiveCfg = Debug|Any CPU
		{C427F215-750E-48D1-90DB-E91185FCA58D}.Debug|Any CPU.Build.0 = Debug|Any CPU
		{C427F215-750E-48D1-90DB-E91185FCA58D}.Release|Any CPU.ActiveCfg = Release|Any CPU
		{C427F215-750E-48D1-90DB-E91185FCA58D}.Release|Any CPU.Build.0 = Release|Any CPU
		{3B60E854-1799-4F74-BE58-A7359A29C8F5}.Debug|Any CPU.ActiveCfg = Debug|Any CPU
		{3B60E854-1799-4F74-BE58-A7359A29C8F5}.Debug|Any CPU.Build.0 = Debug|Any CPU
		{3B60E854-1799-4F74-BE58-A7359A29C8F5}.Release|Any CPU.ActiveCfg = Release|Any CPU
		{3B60E854-1799-4F74-BE58-A7359A29C8F5}.Release|Any CPU.Build.0 = Release|Any CPU
		{033EA147-5F45-4042-B322-059D4DF30DE9}.Debug|Any CPU.ActiveCfg = Debug|Any CPU
		{033EA147-5F45-4042-B322-059D4DF30DE9}.Debug|Any CPU.Build.0 = Debug|Any CPU
		{033EA147-5F45-4042-B322-059D4DF30DE9}.Release|Any CPU.ActiveCfg = Release|Any CPU
		{033EA147-5F45-4042-B322-059D4DF30DE9}.Release|Any CPU.Build.0 = Release|Any CPU
		{1FC5BEA9-9072-4892-9F0E-28A8071F4914}.Debug|Any CPU.ActiveCfg = Debug|Any CPU
		{1FC5BEA9-9072-4892-9F0E-28A8071F4914}.Debug|Any CPU.Build.0 = Debug|Any CPU
		{1FC5BEA9-9072-4892-9F0E-28A8071F4914}.Release|Any CPU.ActiveCfg = Release|Any CPU
		{1FC5BEA9-9072-4892-9F0E-28A8071F4914}.Release|Any CPU.Build.0 = Release|Any CPU
		{8E7EC89F-DB53-440E-9E58-DA73CD796AC4}.Debug|Any CPU.ActiveCfg = Debug|Any CPU
		{8E7EC89F-DB53-440E-9E58-DA73CD796AC4}.Debug|Any CPU.Build.0 = Debug|Any CPU
		{8E7EC89F-DB53-440E-9E58-DA73CD796AC4}.Release|Any CPU.ActiveCfg = Release|Any CPU
		{8E7EC89F-DB53-440E-9E58-DA73CD796AC4}.Release|Any CPU.Build.0 = Release|Any CPU
		{99F27166-DCAC-46DD-A4B6-BA46F6599B43}.Debug|Any CPU.ActiveCfg = Debug|Any CPU
		{99F27166-DCAC-46DD-A4B6-BA46F6599B43}.Debug|Any CPU.Build.0 = Debug|Any CPU
		{99F27166-DCAC-46DD-A4B6-BA46F6599B43}.Release|Any CPU.ActiveCfg = Release|Any CPU
		{99F27166-DCAC-46DD-A4B6-BA46F6599B43}.Release|Any CPU.Build.0 = Release|Any CPU
		{E0B0F8FD-2110-483D-BBDE-BED7B7F8FA17}.Debug|Any CPU.ActiveCfg = Debug|Any CPU
		{E0B0F8FD-2110-483D-BBDE-BED7B7F8FA17}.Debug|Any CPU.Build.0 = Debug|Any CPU
		{E0B0F8FD-2110-483D-BBDE-BED7B7F8FA17}.Release|Any CPU.ActiveCfg = Release|Any CPU
		{E0B0F8FD-2110-483D-BBDE-BED7B7F8FA17}.Release|Any CPU.Build.0 = Release|Any CPU
	EndGlobalSection
	GlobalSection(SolutionProperties) = preSolution
		HideSolutionNode = FALSE
	EndGlobalSection
	GlobalSection(ExtensibilityGlobals) = postSolution
		SolutionGuid = {B480FBDB-57E1-47D7-8381-1A9393D96607}
	EndGlobalSection
EndGlobal
